<?xml version="1.0" encoding="utf-8"?>
<Project ToolsVersion="4.0" xmlns="http://schemas.microsoft.com/developer/msbuild/2003">
  <ItemGroup>
    <Filter Include="Source Files">
      <UniqueIdentifier>{ade4b410-d492-4b7a-9357-728c95ab86cd}</UniqueIdentifier>
      <Extensions>cpp;c;cxx;rc;def;r;odl;idl;hpj;bat</Extensions>
    </Filter>
    <Filter Include="Header Files">
      <UniqueIdentifier>{500e8817-9dbe-4d6d-b27c-57e0d8094bfe}</UniqueIdentifier>
      <Extensions>h;hpp;hxx;hm;inl</Extensions>
    </Filter>
    <Filter Include="Resource Files">
      <UniqueIdentifier>{ed0d7d9b-d17d-4ca3-b683-9eaab118828c}</UniqueIdentifier>
      <Extensions>ico;cur;bmp;dlg;rc2;rct;bin;rgs;gif;jpg;jpeg;jpe</Extensions>
    </Filter>
  </ItemGroup>
  <ItemGroup>
    <ClCompile Include="Atlas.cpp">
      <Filter>Source Files</Filter>
    </ClCompile>
    <ClCompile Include="AtlasDoc.cpp">
      <Filter>Source Files</Filter>
    </ClCompile>
    <ClCompile Include="AtlasView.cpp">
      <Filter>Source Files</Filter>
    </ClCompile>
    <ClCompile Include="DataTransDlg.cpp">
      <Filter>Source Files</Filter>
    </ClCompile>
    <ClCompile Include="GeoAnno.cpp">
      <Filter>Source Files</Filter>
    </ClCompile>
    <ClCompile Include="GeoLayer.cpp">
      <Filter>Source Files</Filter>
    </ClCompile>
    <ClCompile Include="GeoLine.cpp">
      <Filter>Source Files</Filter>
    </ClCompile>
    <ClCompile Include="GeoMap.cpp">
      <Filter>Source Files</Filter>
    </ClCompile>
    <ClCompile Include="GeoObject.cpp">
      <Filter>Source Files</Filter>
    </ClCompile>
    <ClCompile Include="GeoPoint.cpp">
      <Filter>Source Files</Filter>
    </ClCompile>
    <ClCompile Include="GeoPolygon.cpp">
      <Filter>Source Files</Filter>
    </ClCompile>
    <ClCompile Include="LayerAttri.cpp">
      <Filter>Source Files</Filter>
    </ClCompile>
    <ClCompile Include="LayerCtrlDlg.cpp">
      <Filter>Source Files</Filter>
    </ClCompile>
    <ClCompile Include="LAYERSHOW.cpp">
      <Filter>Source Files</Filter>
    </ClCompile>
    <ClCompile Include="MainFrm.cpp">
      <Filter>Source Files</Filter>
    </ClCompile>
    <ClCompile Include="POLYGONSTYLE.cpp">
      <Filter>Source Files</Filter>
    </ClCompile>
    <ClCompile Include="Splash.cpp">
      <Filter>Source Files</Filter>
    </ClCompile>
    <ClCompile Include="StdAfx.cpp">
      <Filter>Source Files</Filter>
    </ClCompile>
  </ItemGroup>
  <ItemGroup>
    <ResourceCompile Include="Atlas.rc">
      <Filter>Source Files</Filter>
    </ResourceCompile>
  </ItemGroup>
  <ItemGroup>
    <ClInclude Include="D:\实习\final+\final\Atlas\AppFace.h">
      <Filter>Header Files</Filter>
    </ClInclude>
    <ClInclude Include="Atlas.h">
      <Filter>Header Files</Filter>
    </ClInclude>
    <ClInclude Include="AtlasDoc.h">
      <Filter>Header Files</Filter>
    </ClInclude>
    <ClInclude Include="AtlasView.h">
      <Filter>Header Files</Filter>
    </ClInclude>
    <ClInclude Include="DataTransDlg.h">
      <Filter>Header Files</Filter>
    </ClInclude>
    <ClInclude Include="GeoAnno.h">
      <Filter>Header Files</Filter>
    </ClInclude>
    <ClInclude Include="GeoLayer.h">
      <Filter>Header Files</Filter>
    </ClInclude>
    <ClInclude Include="GeoLine.h">
      <Filter>Header Files</Filter>
    </ClInclude>
    <ClInclude Include="GeoMap.h">
      <Filter>Header Files</Filter>
    </ClInclude>
    <ClInclude Include="GeoObject.h">
      <Filter>Header Files</Filter>
    </ClInclude>
    <ClInclude Include="GeoPoint.h">
      <Filter>Header Files</Filter>
    </ClInclude>
    <ClInclude Include="GeoPolygon.h">
      <Filter>Header Files</Filter>
    </ClInclude>
    <ClInclude Include="LayerAttri.h">
      <Filter>Header Files</Filter>
    </ClInclude>
    <ClInclude Include="LayerCtrlDlg.h">
      <Filter>Header Files</Filter>
    </ClInclude>
    <ClInclude Include="LAYERSHOW.h">
      <Filter>Header Files</Filter>
    </ClInclude>
    <ClInclude Include="MainFrm.h">
      <Filter>Header Files</Filter>
    </ClInclude>
    <ClInclude Include="POLYGONSTYLE.h">
      <Filter>Header Files</Filter>
    </ClInclude>
    <ClInclude Include="Resource.h">
      <Filter>Header Files</Filter>
    </ClInclude>
    <ClInclude Include="Splash.h">
      <Filter>Header Files</Filter>
    </ClInclude>
    <ClInclude Include="StdAfx.h">
      <Filter>Header Files</Filter>
    </ClInclude>
  </ItemGroup>
  <ItemGroup>
    <None Include="res\Atlas.ico">
      <Filter>Resource Files</Filter>
    </None>
    <None Include="res\Atlas.rc2">
      <Filter>Resource Files</Filter>
    </None>
    <None Include="res\AtlasDoc.ico">
      <Filter>Resource Files</Filter>
    </None>
    <None Include="res\BITMAP1.bmp">
      <Filter>Resource Files</Filter>
    </None>
    <None Include="res\bitmap6.bmp">
      <Filter>Resource Files</Filter>
    </None>
    <None Include="res\cur00001.cur">
      <Filter>Resource Files</Filter>
    </None>
    <None Include="res\cur00003.cur">
      <Filter>Resource Files</Filter>
    </None>
    <None Include="res\cursor1.cur">
      <Filter>Resource Files</Filter>
    </None>
    <None Include="res\cursor2.cur">
      <Filter>Resource Files</Filter>
    </None>
    <None Include="res\juli.bmp">
      <Filter>Resource Files</Filter>
    </None>
    <None Include="res\manyou.bmp">
      <Filter>Resource Files</Filter>
    </None>
    <None Include="res\pan.bmp">
      <Filter>Resource Files</Filter>
    </None>
    <None Include="res\query.bmp">
      <Filter>Resource Files</Filter>
    </None>
    <None Include="Splsh16.bmp">
      <Filter>Resource Files</Filter>
    </None>
    <None Include="res\tab6[1].bmp">
      <Filter>Resource Files</Filter>
    </None>
    <None Include="res\Toolbar.bmp">
      <Filter>Resource Files</Filter>
    </None>
    <None Include="res\toolbar1.bmp">
      <Filter>Resource Files</Filter>
    </None>
    <None Include="res\wuhandaxue.bmp">
      <Filter>Resource Files</Filter>
    </None>
    <None Include="res\zoomin.bmp">
      <Filter>Resource Files</Filter>
    </None>
    <None Include="res\zoomout.bmp">
      <Filter>Resource Files</Filter>
    </None>
    <None Include="res\图形1.bmp">
      <Filter>Resource Files</Filter>
    </None>
    <None Include="res\大智慧.ico">
      <Filter>Resource Files</Filter>
    </None>
    <None Include="res\武大.bmp">
      <Filter>Resource Files</Filter>
    </None>
    <None Include="ReadMe.txt" />
  </ItemGroup>
</Project>